// !$*UTF8*$!
{
	archiveVersion = 1;
	classes = {
	};
	objectVersion = 55;
	objects = {

/* Begin PBXBuildFile section */
		7BEF3B5A5AF7D77F21121A6C /* Pods_UserLocationDemoB.framework in Frameworks */ = {isa = PBXBuildFile; fileRef = FB8B6484EEFEC30BFDF6D297 /* Pods_UserLocationDemoB.framework */; };
		8C8591052733CB1000E88836 /* AppDelegate.swift in Sources */ = {isa = PBXBuildFile; fileRef = 8C8591042733CB1000E88836 /* AppDelegate.swift */; };
		8C8591072733CB1000E88836 /* SceneDelegate.swift in Sources */ = {isa = PBXBuildFile; fileRef = 8C8591062733CB1000E88836 /* SceneDelegate.swift */; };
		8C8591092733CB1000E88836 /* ViewController.swift in Sources */ = {isa = PBXBuildFile; fileRef = 8C8591082733CB1000E88836 /* ViewController.swift */; };
		8C85910C2733CB1000E88836 /* Main.storyboard in Resources */ = {isa = PBXBuildFile; fileRef = 8C85910A2733CB1000E88836 /* Main.storyboard */; };
		8C85910E2733CB1200E88836 /* Assets.xcassets in Resources */ = {isa = PBXBuildFile; fileRef = 8C85910D2733CB1200E88836 /* Assets.xcassets */; };
		8C8591112733CB1200E88836 /* LaunchScreen.storyboard in Resources */ = {isa = PBXBuildFile; fileRef = 8C85910F2733CB1200E88836 /* LaunchScreen.storyboard */; };
		8C8591192733D13900E88836 /* GoogleService-Info.plist in Resources */ = {isa = PBXBuildFile; fileRef = 8C8591182733D13800E88836 /* GoogleService-Info.plist */; };
		8C8591242733D84100E88836 /* DatabaseService.swift in Sources */ = {isa = PBXBuildFile; fileRef = 8C8591232733D84100E88836 /* DatabaseService.swift */; };
		8C85912E273502B300E88836 /* Extenssion+ViewController.swift in Sources */ = {isa = PBXBuildFile; fileRef = 8C85912D273502B300E88836 /* Extenssion+ViewController.swift */; };
/* End PBXBuildFile section */

/* Begin PBXFileReference section */
		8C322240FA89C0CE3BAA753E /* Pods-UserLocationDemoB.debug.xcconfig */ = {isa = PBXFileReference; includeInIndex = 1; lastKnownFileType = text.xcconfig; name = "Pods-UserLocationDemoB.debug.xcconfig"; path = "Target Support Files/Pods-UserLocationDemoB/Pods-UserLocationDemoB.debug.xcconfig"; sourceTree = "<group>"; };
		8C8591012733CB1000E88836 /* UserLocationDemoB.app */ = {isa = PBXFileReference; explicitFileType = wrapper.application; includeInIndex = 0; path = UserLocationDemoB.app; sourceTree = BUILT_PRODUCTS_DIR; };
		8C8591042733CB1000E88836 /* AppDelegate.swift */ = {isa = PBXFileReference; lastKnownFileType = sourcecode.swift; path = AppDelegate.swift; sourceTree = "<group>"; };
		8C8591062733CB1000E88836 /* SceneDelegate.swift */ = {isa = PBXFileReference; lastKnownFileType = sourcecode.swift; path = SceneDelegate.swift; sourceTree = "<group>"; };
		8C8591082733CB1000E88836 /* ViewController.swift */ = {isa = PBXFileReference; lastKnownFileType = sourcecode.swift; path = ViewController.swift; sourceTree = "<group>"; };
		8C85910B2733CB1000E88836 /* Base */ = {isa = PBXFileReference; lastKnownFileType = file.storyboard; name = Base; path = Base.lproj/Main.storyboard; sourceTree = "<group>"; };
		8C85910D2733CB1200E88836 /* Assets.xcassets */ = {isa = PBXFileReference; lastKnownFileType = folder.assetcatalog; path = Assets.xcassets; sourceTree = "<group>"; };
		8C8591102733CB1200E88836 /* Base */ = {isa = PBXFileReference; lastKnownFileType = file.storyboard; name = Base; path = Base.lproj/LaunchScreen.storyboard; sourceTree = "<group>"; };
		8C8591122733CB1200E88836 /* Info.plist */ = {isa = PBXFileReference; lastKnownFileType = text.plist.xml; path = Info.plist; sourceTree = "<group>"; };
		8C8591182733D13800E88836 /* GoogleService-Info.plist */ = {isa = PBXFileReference; fileEncoding = 4; lastKnownFileType = text.plist.xml; name = "GoogleService-Info.plist"; path = "../../../../../Downloads/GoogleService-Info.plist"; sourceTree = "<group>"; };
		8C8591232733D84100E88836 /* DatabaseService.swift */ = {isa = PBXFileReference; lastKnownFileType = sourcecode.swift; path = DatabaseService.swift; sourceTree = "<group>"; };
		8C85912D273502B300E88836 /* Extenssion+ViewController.swift */ = {isa = PBXFileReference; lastKnownFileType = sourcecode.swift; path = "Extenssion+ViewController.swift"; sourceTree = "<group>"; };
		EBDDFEB0344BE0BCAC04710B /* Pods-UserLocationDemoB.release.xcconfig */ = {isa = PBXFileReference; includeInIndex = 1; lastKnownFileType = text.xcconfig; name = "Pods-UserLocationDemoB.release.xcconfig"; path = "Target Support Files/Pods-UserLocationDemoB/Pods-UserLocationDemoB.release.xcconfig"; sourceTree = "<group>"; };
		FB8B6484EEFEC30BFDF6D297 /* Pods_UserLocationDemoB.framework */ = {isa = PBXFileReference; explicitFileType = wrapper.framework; includeInIndex = 0; path = Pods_UserLocationDemoB.framework; sourceTree = BUILT_PRODUCTS_DIR; };
/* End PBXFileReference section */

/* Begin PBXFrameworksBuildPhase section */
		8C8590FE2733CB1000E88836 /* Frameworks */ = {
			isa = PBXFrameworksBuildPhase;
			buildActionMask = 2147483647;
			files = (
				7BEF3B5A5AF7D77F21121A6C /* Pods_UserLocationDemoB.framework in Frameworks */,
			);
			runOnlyForDeploymentPostprocessing = 0;
		};
/* End PBXFrameworksBuildPhase section */

/* Begin PBXGroup section */
		45334D617E4692B6AFBF480C /* Pods */ = {
			isa = PBXGroup;
			children = (
				8C322240FA89C0CE3BAA753E /* Pods-UserLocationDemoB.debug.xcconfig */,
				EBDDFEB0344BE0BCAC04710B /* Pods-UserLocationDemoB.release.xcconfig */,
			);
			path = Pods;
			sourceTree = "<group>";
		};
		8C8590F82733CB1000E88836 = {
			isa = PBXGroup;
			children = (
				8C8591032733CB1000E88836 /* UserLocationDemoB */,
				8C8591022733CB1000E88836 /* Products */,
				45334D617E4692B6AFBF480C /* Pods */,
				C10621D65B87BDC9CCE0F19E /* Frameworks */,
			);
			sourceTree = "<group>";
		};
		8C8591022733CB1000E88836 /* Products */ = {
			isa = PBXGroup;
			children = (
				8C8591012733CB1000E88836 /* UserLocationDemoB.app */,
			);
			name = Products;
			sourceTree = "<group>";
		};
		8C8591032733CB1000E88836 /* UserLocationDemoB */ = {
			isa = PBXGroup;
			children = (
				8C85911E2733D40300E88836 /* DatabaseService */,
				8C8591282734BA1D00E88836 /* Extenssions */,
				8C8591042733CB1000E88836 /* AppDelegate.swift */,
				8C8591062733CB1000E88836 /* SceneDelegate.swift */,
				8C8591082733CB1000E88836 /* ViewController.swift */,
				8C85912B2734BAA500E88836 /* Supporting */,
				8C85910F2733CB1200E88836 /* LaunchScreen.storyboard */,
				8C8591122733CB1200E88836 /* Info.plist */,
				8C8591182733D13800E88836 /* GoogleService-Info.plist */,
			);
			path = UserLocationDemoB;
			sourceTree = "<group>";
		};
		8C85911E2733D40300E88836 /* DatabaseService */ = {
			isa = PBXGroup;
			children = (
				8C8591232733D84100E88836 /* DatabaseService.swift */,
			);
			path = DatabaseService;
			sourceTree = "<group>";
		};
		8C8591282734BA1D00E88836 /* Extenssions */ = {
			isa = PBXGroup;
			children = (
				8C85912D273502B300E88836 /* Extenssion+ViewController.swift */,
			);
			path = Extenssions;
			sourceTree = "<group>";
		};
		8C85912B2734BAA500E88836 /* Supporting */ = {
			isa = PBXGroup;
			children = (
				8C85910D2733CB1200E88836 /* Assets.xcassets */,
				8C85910A2733CB1000E88836 /* Main.storyboard */,
			);
			path = Supporting;
			sourceTree = "<group>";
		};
		C10621D65B87BDC9CCE0F19E /* Frameworks */ = {
			isa = PBXGroup;
			children = (
				FB8B6484EEFEC30BFDF6D297 /* Pods_UserLocationDemoB.framework */,
			);
			name = Frameworks;
			sourceTree = "<group>";
		};
/* End PBXGroup section */

/* Begin PBXNativeTarget section */
		8C8591002733CB1000E88836 /* UserLocationDemoB */ = {
			isa = PBXNativeTarget;
			buildConfigurationList = 8C8591152733CB1200E88836 /* Build configuration list for PBXNativeTarget "UserLocationDemoB" */;
			buildPhases = (
				1963A2215658D4BCB72415DF /* [CP] Check Pods Manifest.lock */,
				8C8590FD2733CB1000E88836 /* Sources */,
				8C8590FE2733CB1000E88836 /* Frameworks */,
				8C8590FF2733CB1000E88836 /* Resources */,
				F4CE02EEEC4E3615242F475B /* [CP] Embed Pods Frameworks */,
			);
			buildRules = (
			);
			dependencies = (
			);
			name = UserLocationDemoB;
			productName = UserLocationDemoB;
			productReference = 8C8591012733CB1000E88836 /* UserLocationDemoB.app */;
			productType = "com.apple.product-type.application";
		};
/* End PBXNativeTarget section */

/* Begin PBXProject section */
		8C8590F92733CB1000E88836 /* Project object */ = {
			isa = PBXProject;
			attributes = {
				BuildIndependentTargetsInParallel = 1;
				LastSwiftUpdateCheck = 1310;
				LastUpgradeCheck = 1310;
				TargetAttributes = {
					8C8591002733CB1000E88836 = {
						CreatedOnToolsVersion = 13.1;
					};
				};
			};
			buildConfigurationList = 8C8590FC2733CB1000E88836 /* Build configuration list for PBXProject "UserLocationDemoB" */;
			compatibilityVersion = "Xcode 13.0";
			developmentRegion = en;
			hasScannedForEncodings = 0;
			knownRegions = (
				en,
				Base,
			);
			mainGroup = 8C8590F82733CB1000E88836;
			productRefGroup = 8C8591022733CB1000E88836 /* Products */;
			projectDirPath = "";
			projectRoot = "";
			targets = (
				8C8591002733CB1000E88836 /* UserLocationDemoB */,
			);
		};
/* End PBXProject section */

/* Begin PBXResourcesBuildPhase section */
		8C8590FF2733CB1000E88836 /* Resources */ = {
			isa = PBXResourcesBuildPhase;
			buildActionMask = 2147483647;
			files = (
				8C8591112733CB1200E88836 /* LaunchScreen.storyboard in Resources */,
				8C8591192733D13900E88836 /* GoogleService-Info.plist in Resources */,
				8C85910E2733CB1200E88836 /* Assets.xcassets in Resources */,
				8C85910C2733CB1000E88836 /* Main.storyboard in Resources */,
			);
			runOnlyForDeploymentPostprocessing = 0;
		};
/* End PBXResourcesBuildPhase section */

/* Begin PBXShellScriptBuildPhase section */
		1963A2215658D4BCB72415DF /* [CP] Check Pods Manifest.lock */ = {
			isa = PBXShellScriptBuildPhase;
			buildActionMask = 2147483647;
			files = (
			);
			inputFileListPaths = (
			);
			inputPaths = (
				"${PODS_PODFILE_DIR_PATH}/Podfile.lock",
				"${PODS_ROOT}/Manifest.lock",
			);
			name = "[CP] Check Pods Manifest.lock";
			outputFileListPaths = (
			);
			outputPaths = (
				"$(DERIVED_FILE_DIR)/Pods-UserLocationDemoB-checkManifestLockResult.txt",
			);
			runOnlyForDeploymentPostprocessing = 0;
			shellPath = /bin/sh;
			shellScript = "diff \"${PODS_PODFILE_DIR_PATH}/Podfile.lock\" \"${PODS_ROOT}/Manifest.lock\" > /dev/null\nif [ $? != 0 ] ; then\n    # print error to STDERR\n    echo \"error: The sandbox is not in sync with the Podfile.lock. Run 'pod install' or update your CocoaPods installation.\" >&2\n    exit 1\nfi\n# This output is used by Xcode 'outputs' to avoid re-running this script phase.\necho \"SUCCESS\" > \"${SCRIPT_OUTPUT_FILE_0}\"\n";
			showEnvVarsInLog = 0;
		};
		F4CE02EEEC4E3615242F475B /* [CP] Embed Pods Frameworks */ = {
			isa = PBXShellScriptBuildPhase;
			buildActionMask = 2147483647;
			files = (
			);
			inputFileListPaths = (
				"${PODS_ROOT}/Target Support Files/Pods-UserLocationDemoB/Pods-UserLocationDemoB-frameworks-${CONFIGURATION}-input-files.xcfilelist",
			);
			name = "[CP] Embed Pods Frameworks";
			outputFileListPaths = (
				"${PODS_ROOT}/Target Support Files/Pods-UserLocationDemoB/Pods-UserLocationDemoB-frameworks-${CONFIGURATION}-output-files.xcfilelist",
			);
			runOnlyForDeploymentPostprocessing = 0;
			shellPath = /bin/sh;
			shellScript = "\"${PODS_ROOT}/Target Support Files/Pods-UserLocationDemoB/Pods-UserLocationDemoB-frameworks.sh\"\n";
			showEnvVarsInLog = 0;
		};
/* End PBXShellScriptBuildPhase section */

/* Begin PBXSourcesBuildPhase section */
		8C8590FD2733CB1000E88836 /* Sources */ = {
			isa = PBXSourcesBuildPhase;
			buildActionMask = 2147483647;
			files = (
				8C8591092733CB1000E88836 /* ViewController.swift in Sources */,
				8C8591242733D84100E88836 /* DatabaseService.swift in Sources */,
				8C8591052733CB1000E88836 /* AppDelegate.swift in Sources */,
				8C8591072733CB1000E88836 /* SceneDelegate.swift in Sources */,
				8C85912E273502B300E88836 /* Extenssion+ViewController.swift in Sources */,
			);
			runOnlyForDeploymentPostprocessing = 0;
		};
/* End PBXSourcesBuildPhase section */

/* Begin PBXVariantGroup section */
		8C85910A2733CB1000E88836 /* Main.storyboard */ = {
			isa = PBXVariantGroup;
			children = (
				8C85910B2733CB1000E88836 /* Base */,
			);
			name = Main.storyboard;
			sourceTree = "<group>";
		};
		8C85910F2733CB1200E88836 /* LaunchScreen.storyboard */ = {
			isa = PBXVariantGroup;
			children = (
				8C8591102733CB1200E88836 /* Base */,
			);
			name = LaunchScreen.storyboard;
			sourceTree = "<group>";
		};
/* End PBXVariantGroup section */

/* Begin XCBuildConfiguration section */
		8C8591132733CB1200E88836 /* Debug */ = {
			isa = XCBuildConfiguration;
			buildSettings = {
				ALWAYS_SEARCH_USER_PATHS = NO;
				CLANG_ANALYZER_NONNULL = YES;
				CLANG_ANALYZER_NUMBER_OBJECT_CONVERSION = YES_AGGRESSIVE;
				CLANG_CXX_LANGUAGE_STANDARD = "gnu++17";
				CLANG_CXX_LIBRARY = "libc++";
				CLANG_ENABLE_MODULES = YES;
				CLANG_ENABLE_OBJC_ARC = YES;
				CLANG_ENABLE_OBJC_WEAK = YES;
				CLANG_WARN_BLOCK_CAPTURE_AUTORELEASING = YES;
				CLANG_WARN_BOOL_CONVERSION = YES;
				CLANG_WARN_COMMA = YES;
				CLANG_WARN_CONSTANT_CONVERSION = YES;
				CLANG_WARN_DEPRECATED_OBJC_IMPLEMENTATIONS = YES;
				CLANG_WARN_DIRECT_OBJC_ISA_USAGE = YES_ERROR;
				CLANG_WARN_DOCUMENTATION_COMMENTS = YES;
				CLANG_WARN_EMPTY_BODY = YES;
				CLANG_WARN_ENUM_CONVERSION = YES;
				CLANG_WARN_INFINITE_RECURSION = YES;
				CLANG_WARN_INT_CONVERSION = YES;
				CLANG_WARN_NON_LITERAL_NULL_CONVERSION = YES;
				CLANG_WARN_OBJC_IMPLICIT_RETAIN_SELF = YES;
				CLANG_WARN_OBJC_LITERAL_CONVERSION = YES;
				CLANG_WARN_OBJC_ROOT_CLASS = YES_ERROR;
				CLANG_WARN_QUOTED_INCLUDE_IN_FRAMEWORK_HEADER = YES;
				CLANG_WARN_RANGE_LOOP_ANALYSIS = YES;
				CLANG_WARN_STRICT_PROTOTYPES = YES;
				CLANG_WARN_SUSPICIOUS_MOVE = YES;
				CLANG_WARN_UNGUARDED_AVAILABILITY = YES_AGGRESSIVE;
				CLANG_WARN_UNREACHABLE_CODE = YES;
				CLANG_WARN__DUPLICATE_METHOD_MATCH = YES;
				COPY_PHASE_STRIP = NO;
				DEBUG_INFORMATION_FORMAT = dwarf;
				ENABLE_STRICT_OBJC_MSGSEND = YES;
				ENABLE_TESTABILITY = YES;
				GCC_C_LANGUAGE_STANDARD = gnu11;
				GCC_DYNAMIC_NO_PIC = NO;
				GCC_NO_COMMON_BLOCKS = YES;
				GCC_OPTIMIZATION_LEVEL = 0;
				GCC_PREPROCESSOR_DEFINITIONS = (
					"DEBUG=1",
					"$(inherited)",
				);
				GCC_WARN_64_TO_32_BIT_CONVERSION = YES;
				GCC_WARN_ABOUT_RETURN_TYPE = YES_ERROR;
				GCC_WARN_UNDECLARED_SELECTOR = YES;
				GCC_WARN_UNINITIALIZED_AUTOS = YES_AGGRESSIVE;
				GCC_WARN_UNUSED_FUNCTION = YES;
				GCC_WARN_UNUSED_VARIABLE = YES;
				IPHONEOS_DEPLOYMENT_TARGET = 15.0;
				MTL_ENABLE_DEBUG_INFO = INCLUDE_SOURCE;
				MTL_FAST_MATH = YES;
				ONLY_ACTIVE_ARCH = YES;
				SDKROOT = iphoneos;
				SWIFT_ACTIVE_COMPILATION_CONDITIONS = DEBUG;
				SWIFT_OPTIMIZATION_LEVEL = "-Onone";
			};
			name = Debug;
		};
		8C8591142733CB1200E88836 /* Release */ = {
			isa = XCBuildConfiguration;
			buildSettings = {
				ALWAYS_SEARCH_USER_PATHS = NO;
				CLANG_ANALYZER_NONNULL = YES;
				CLANG_ANALYZER_NUMBER_OBJECT_CONVERSION = YES_AGGRESSIVE;
				CLANG_CXX_LANGUAGE_STANDARD = "gnu++17";
				CLANG_CXX_LIBRARY = "libc++";
				CLANG_ENABLE_MODULES = YES;
				CLANG_ENABLE_OBJC_ARC = YES;
				CLANG_ENABLE_OBJC_WEAK = YES;
				CLANG_WARN_BLOCK_CAPTURE_AUTORELEASING = YES;
				CLANG_WARN_BOOL_CONVERSION = YES;
				CLANG_WARN_COMMA = YES;
				CLANG_WARN_CONSTANT_CONVERSION = YES;
				CLANG_WARN_DEPRECATED_OBJC_IMPLEMENTATIONS = YES;
				CLANG_WARN_DIRECT_OBJC_ISA_USAGE = YES_ERROR;
				CLANG_WARN_DOCUMENTATION_COMMENTS = YES;
				CLANG_WARN_EMPTY_BODY = YES;
				CLANG_WARN_ENUM_CONVERSION = YES;
				CLANG_WARN_INFINITE_RECURSION = YES;
				CLANG_WARN_INT_CONVERSION = YES;
				CLANG_WARN_NON_LITERAL_NULL_CONVERSION = YES;
				CLANG_WARN_OBJC_IMPLICIT_RETAIN_SELF = YES;
				CLANG_WARN_OBJC_LITERAL_CONVERSION = YES;
				CLANG_WARN_OBJC_ROOT_CLASS = YES_ERROR;
				CLANG_WARN_QUOTED_INCLUDE_IN_FRAMEWORK_HEADER = YES;
				CLANG_WARN_RANGE_LOOP_ANALYSIS = YES;
				CLANG_WARN_STRICT_PROTOTYPES = YES;
				CLANG_WARN_SUSPICIOUS_MOVE = YES;
				CLANG_WARN_UNGUARDED_AVAILABILITY = YES_AGGRESSIVE;
				CLANG_WARN_UNREACHABLE_CODE = YES;
				CLANG_WARN__DUPLICATE_METHOD_MATCH = YES;
				COPY_PHASE_STRIP = NO;
				DEBUG_INFORMATION_FORMAT = "dwarf-with-dsym";
				ENABLE_NS_ASSERTIONS = NO;
				ENABLE_STRICT_OBJC_MSGSEND = YES;
				GCC_C_LANGUAGE_STANDARD = gnu11;
				GCC_NO_COMMON_BLOCKS = YES;
				GCC_WARN_64_TO_32_BIT_CONVERSION = YES;
				GCC_WARN_ABOUT_RETURN_TYPE = YES_ERROR;
				GCC_WARN_UNDECLARED_SELECTOR = YES;
				GCC_WARN_UNINITIALIZED_AUTOS = YES_AGGRESSIVE;
				GCC_WARN_UNUSED_FUNCTION = YES;
				GCC_WARN_UNUSED_VARIABLE = YES;
				IPHONEOS_DEPLOYMENT_TARGET = 15.0;
				MTL_ENABLE_DEBUG_INFO = NO;
				MTL_FAST_MATH = YES;
				SDKROOT = iphoneos;
				SWIFT_COMPILATION_MODE = wholemodule;
				SWIFT_OPTIMIZATION_LEVEL = "-O";
				VALIDATE_PRODUCT = YES;
			};
			name = Release;
		};
		8C8591162733CB1200E88836 /* Debug */ = {
			isa = XCBuildConfiguration;
			baseConfigurationReference = 8C322240FA89C0CE3BAA753E /* Pods-UserLocationDemoB.debug.xcconfig */;
			buildSettings = {
				ASSETCATALOG_COMPILER_APPICON_NAME = AppIcon;
				ASSETCATALOG_COMPILER_GLOBAL_ACCENT_COLOR_NAME = AccentColor;
				CODE_SIGN_STYLE = Automatic;
				CURRENT_PROJECT_VERSION = 1;
				DEVELOPMENT_TEAM = Q5QVZ74KCL;
				GENERATE_INFOPLIST_FILE = YES;
				INFOPLIST_FILE = UserLocationDemoB/Info.plist;
				INFOPLIST_KEY_UIApplicationSupportsIndirectInputEvents = YES;
				INFOPLIST_KEY_UILaunchStoryboardName = LaunchScreen;
				INFOPLIST_KEY_UIMainStoryboardFile = Main;
				INFOPLIST_KEY_UISupportedInterfaceOrientations_iPad = "UIInterfaceOrientationPortrait UIInterfaceOrientationPortraitUpsideDown UIInterfaceOrientationLandscapeLeft UIInterfaceOrientationLandscapeRight";
				INFOPLIST_KEY_UISupportedInterfaceOrientations_iPhone = "UIInterfaceOrientationPortrait UIInterfaceOrientationLandscapeLeft UIInterfaceOrientationLandscapeRight";
				LD_RUNPATH_SEARCH_PATHS = (
					"$(inherited)",
					"@executable_path/Frameworks",
				);
				MARKETING_VERSION = 1.0;
				PRODUCT_BUNDLE_IDENTIFIER = education.UserLocationDemoB;
				PRODUCT_NAME = "$(TARGET_NAME)";
				SWIFT_EMIT_LOC_STRINGS = YES;
				SWIFT_VERSION = 5.0;
				TARGETED_DEVICE_FAMILY = "1,2";
			};
			name = Debug;
		};
		8C8591172733CB1200E88836 /* Release */ = {
			isa = XCBuildConfiguration;
			baseConfigurationReference = EBDDFEB0344BE0BCAC04710B /* Pods-UserLocationDemoB.release.xcconfig */;
			buildSettings = {
				ASSETCATALOG_COMPILER_APPICON_NAME = AppIcon;
				ASSETCATALOG_COMPILER_GLOBAL_ACCENT_COLOR_NAME = AccentColor;
				CODE_SIGN_STYLE = Automatic;
				CURRENT_PROJECT_VERSION = 1;
				DEVELOPMENT_TEAM = Q5QVZ74KCL;
				GENERATE_INFOPLIST_FILE = YES;
				INFOPLIST_FILE = UserLocationDemoB/Info.plist;
				INFOPLIST_KEY_UIApplicationSupportsIndirectInputEvents = YES;
				INFOPLIST_KEY_UILaunchStoryboardName = LaunchScreen;
				INFOPLIST_KEY_UIMainStoryboardFile = Main;
				INFOPLIST_KEY_UISupportedInterfaceOrientations_iPad = "UIInterfaceOrientationPortrait UIInterfaceOrientationPortraitUpsideDown UIInterfaceOrientationLandscapeLeft UIInterfaceOrientationLandscapeRight";
				INFOPLIST_KEY_UISupportedInterfaceOrientations_iPhone = "UIInterfaceOrientationPortrait UIInterfaceOrientationLandscapeLeft UIInterfaceOrientationLandscapeRight";
				LD_RUNPATH_SEARCH_PATHS = (
					"$(inherited)",
					"@executable_path/Frameworks",
				);
				MARKETING_VERSION = 1.0;
				PRODUCT_BUNDLE_IDENTIFIER = education.UserLocationDemoB;
				PRODUCT_NAME = "$(TARGET_NAME)";
				SWIFT_EMIT_LOC_STRINGS = YES;
				SWIFT_VERSION = 5.0;
				TARGETED_DEVICE_FAMILY = "1,2";
			};
			name = Release;
		};
/* End XCBuildConfiguration section */

/* Begin XCConfigurationList section */
		8C8590FC2733CB1000E88836 /* Build configuration list for PBXProject "UserLocationDemoB" */ = {
			isa = XCConfigurationList;
			buildConfigurations = (
				8C8591132733CB1200E88836 /* Debug */,
				8C8591142733CB1200E88836 /* Release */,
			);
			defaultConfigurationIsVisible = 0;
			defaultConfigurationName = Release;
		};
		8C8591152733CB1200E88836 /* Build configuration list for PBXNativeTarget "UserLocationDemoB" */ = {
			isa = XCConfigurationList;
			buildConfigurations = (
				8C8591162733CB1200E88836 /* Debug */,
				8C8591172733CB1200E88836 /* Release */,
			);
			defaultConfigurationIsVisible = 0;
			defaultConfigurationName = Release;
		};
/* End XCConfigurationList section */
	};
	rootObject = 8C8590F92733CB1000E88836 /* Project object */;
}
